
Microsoft Visual Studio Solution File, Format Version 12.00
# Visual Studio 15
VisualStudioVersion = 15.0.27004.2006
MinimumVisualStudioVersion = 10.0.40219.1
Project("{9A19103F-16F7-4668-BE54-9A1E7A4F7556}") = "1_Single_Inheritance", "1_Single_Inheritance\1_Single_Inheritance.csproj", "{72041E5C-B842-4B81-A411-22B281790652}"
EndProject
Global
	GlobalSection(SolutionConfigurationPlatforms) = preSolution
		Debug|Any CPU = Debug|Any CPU
		Release|Any CPU = Release|Any CPU
	EndGlobalSection
	GlobalSection(ProjectConfigurationPlatforms) = postSolution
		{72041E5C-B842-4B81-A411-22B281790652}.Debug|Any CPU.ActiveCfg = Debug|Any CPU
		{72041E5C-B842-4B81-A411-22B281790652}.Debug|Any CPU.Build.0 = Debug|Any CPU
		{72041E5C-B842-4B81-A411-22B281790652}.Release|Any CPU.ActiveCfg = Release|Any CPU
		{72041E5C-B842-4B81-A411-22B281790652}.Release|Any CPU.Build.0 = Release|Any CPU
	EndGlobalSection
	GlobalSection(SolutionProperties) = preSolution
		HideSolutionNode = FALSE
	EndGlobalSection
	GlobalSection(ExtensibilityGlobals) = postSolution
		SolutionGuid = {1EC26A52-D587-43DD-9911-7D5284D9783D}
	EndGlobalSection
EndGlobal
